
Microsoft Visual Studio Solution File, Format Version 12.00
# Visual Studio Version 16
VisualStudioVersion = 16.0.30114.105
MinimumVisualStudioVersion = 10.0.40219.1
Project("{2150E333-8FDC-42A3-9474-1A3956D46DE8}") = "src", "src", "{74FCADA4-B2E3-4B59-A93D-27674E2F50B5}"
EndProject
Project("{FAE04EC0-301F-11D3-BF4B-00C04F79EFBC}") = "SmallsOnline.Subnetting.Lib.Tests", "src\SmallsOnline.Subnetting.Lib.Tests\SmallsOnline.Subnetting.Lib.Tests.csproj", "{2AB225E1-A641-4F25-B928-540013FB7874}"
EndProject
Global
	GlobalSection(SolutionConfigurationPlatforms) = preSolution
		Debug|Any CPU = Debug|Any CPU
		Release|Any CPU = Release|Any CPU
	EndGlobalSection
	GlobalSection(SolutionProperties) = preSolution
		HideSolutionNode = FALSE
	EndGlobalSection
	GlobalSection(ProjectConfigurationPlatforms) = postSolution
		{2AB225E1-A641-4F25-B928-540013FB7874}.Debug|Any CPU.ActiveCfg = Debug|Any CPU
		{2AB225E1-A641-4F25-B928-540013FB7874}.Debug|Any CPU.Build.0 = Debug|Any CPU
		{2AB225E1-A641-4F25-B928-540013FB7874}.Release|Any CPU.ActiveCfg = Release|Any CPU
		{2AB225E1-A641-4F25-B928-540013FB7874}.Release|Any CPU.Build.0 = Release|Any CPU
	EndGlobalSection
	GlobalSection(NestedProjects) = preSolution
		{2AB225E1-A641-4F25-B928-540013FB7874} = {74FCADA4-B2E3-4B59-A93D-27674E2F50B5}
	EndGlobalSection
EndGlobal
