
Microsoft Visual Studio Solution File, Format Version 12.00
# Visual Studio Version 16
VisualStudioVersion = 16.0.30114.105
MinimumVisualStudioVersion = 10.0.40219.1
Project("{2150E333-8FDC-42A3-9474-1A3956D46DE8}") = "src", "src", "{E1A540A4-FB5C-435A-9F66-FDEC85F5853E}"
EndProject
Project("{FAE04EC0-301F-11D3-BF4B-00C04F79EFBC}") = "SmallsOnline.Subnetting.Lib", "src\SmallsOnline.Subnetting.Lib\SmallsOnline.Subnetting.Lib.csproj", "{2AD40DE6-C92A-48F1-ABA5-993BA85A9FC6}"
EndProject
Project("{FAE04EC0-301F-11D3-BF4B-00C04F79EFBC}") = "SmallsOnline.Subnetting.Pwsh", "src\SmallsOnline.Subnetting.Pwsh\SmallsOnline.Subnetting.Pwsh.csproj", "{15EE1E75-0FD6-497F-9A85-3AC58D9A00C2}"
EndProject
Global
	GlobalSection(SolutionConfigurationPlatforms) = preSolution
		Debug|Any CPU = Debug|Any CPU
		Release|Any CPU = Release|Any CPU
	EndGlobalSection
	GlobalSection(SolutionProperties) = preSolution
		HideSolutionNode = FALSE
	EndGlobalSection
	GlobalSection(ProjectConfigurationPlatforms) = postSolution
		{2AD40DE6-C92A-48F1-ABA5-993BA85A9FC6}.Debug|Any CPU.ActiveCfg = Debug|Any CPU
		{2AD40DE6-C92A-48F1-ABA5-993BA85A9FC6}.Debug|Any CPU.Build.0 = Debug|Any CPU
		{2AD40DE6-C92A-48F1-ABA5-993BA85A9FC6}.Release|Any CPU.ActiveCfg = Release|Any CPU
		{2AD40DE6-C92A-48F1-ABA5-993BA85A9FC6}.Release|Any CPU.Build.0 = Release|Any CPU
		{15EE1E75-0FD6-497F-9A85-3AC58D9A00C2}.Debug|Any CPU.ActiveCfg = Debug|Any CPU
		{15EE1E75-0FD6-497F-9A85-3AC58D9A00C2}.Debug|Any CPU.Build.0 = Debug|Any CPU
		{15EE1E75-0FD6-497F-9A85-3AC58D9A00C2}.Release|Any CPU.ActiveCfg = Release|Any CPU
		{15EE1E75-0FD6-497F-9A85-3AC58D9A00C2}.Release|Any CPU.Build.0 = Release|Any CPU
	EndGlobalSection
	GlobalSection(NestedProjects) = preSolution
		{2AD40DE6-C92A-48F1-ABA5-993BA85A9FC6} = {E1A540A4-FB5C-435A-9F66-FDEC85F5853E}
		{15EE1E75-0FD6-497F-9A85-3AC58D9A00C2} = {E1A540A4-FB5C-435A-9F66-FDEC85F5853E}
	EndGlobalSection
EndGlobal
